
Microsoft Visual Studio Solution File, Format Version 12.00
# Visual Studio Version 17
VisualStudioVersion = 17.9.34518.117
MinimumVisualStudioVersion = 10.0.40219.1
Project("{FAE04EC0-301F-11D3-BF4B-00C04F79EFBC}") = "koulujuttu", "koulujuttu\koulujuttu.csproj", "{4BB9EC7F-1804-4A50-9C8C-7ADEFBE4E953}"
EndProject
Global
	GlobalSection(SolutionConfigurationPlatforms) = preSolution
		Debug|Any CPU = Debug|Any CPU
		Release|Any CPU = Release|Any CPU
	EndGlobalSection
	GlobalSection(ProjectConfigurationPlatforms) = postSolution
		{4BB9EC7F-1804-4A50-9C8C-7ADEFBE4E953}.Debug|Any CPU.ActiveCfg = Debug|Any CPU
		{4BB9EC7F-1804-4A50-9C8C-7ADEFBE4E953}.Debug|Any CPU.Build.0 = Debug|Any CPU
		{4BB9EC7F-1804-4A50-9C8C-7ADEFBE4E953}.Release|Any CPU.ActiveCfg = Release|Any CPU
		{4BB9EC7F-1804-4A50-9C8C-7ADEFBE4E953}.Release|Any CPU.Build.0 = Release|Any CPU
	EndGlobalSection
	GlobalSection(SolutionProperties) = preSolution
		HideSolutionNode = FALSE
	EndGlobalSection
	GlobalSection(ExtensibilityGlobals) = postSolution
		SolutionGuid = {81CF51B7-83DC-469C-A4E2-19E17B9533E7}
	EndGlobalSection
EndGlobal
